
Microsoft Visual Studio Solution File, Format Version 12.00
# Visual Studio 15
Project("{FAE04EC0-301F-11D3-BF4B-00C04F79EFBC}") = "Castle.DynamicProxy.Extensions", "Castle.DynamicProxy.Extensions\Castle.DynamicProxy.Extensions.csproj", "{03004C3B-177E-4BA9-A4A8-03973D38CEB6}"
EndProject
Project("{2150E333-8FDC-42A3-9474-1A3956D46DE8}") = "test", "test", "{FCD2FD40-D2BA-4A9A-AF41-F8A5EE5A9D19}"
EndProject
Project("{FAE04EC0-301F-11D3-BF4B-00C04F79EFBC}") = "Web.Test", "test\Web.Test\Web.Test.csproj", "{7BF235EA-0A73-4463-9596-870DE6635877}"
EndProject
Project("{FAE04EC0-301F-11D3-BF4B-00C04F79EFBC}") = "Castle.DynamicProxy.Extensions.Test", "test\Castle.DynamicProxy.Extensions.Test\Castle.DynamicProxy.Extensions.Test.csproj", "{11B2DF95-2BB4-49A1-8A6D-6B71C5D42679}"
EndProject
Project("{FAE04EC0-301F-11D3-BF4B-00C04F79EFBC}") = "TestCommon", "test\TestCommon\TestCommon.csproj", "{2D7CB703-E2B2-4EBC-BD4B-9DBA05D9CD36}"
EndProject
Global
	GlobalSection(SolutionConfigurationPlatforms) = preSolution
		Debug|Any CPU = Debug|Any CPU
		Release|Any CPU = Release|Any CPU
	EndGlobalSection
	GlobalSection(ProjectConfigurationPlatforms) = postSolution
		{03004C3B-177E-4BA9-A4A8-03973D38CEB6}.Debug|Any CPU.ActiveCfg = Debug|Any CPU
		{03004C3B-177E-4BA9-A4A8-03973D38CEB6}.Debug|Any CPU.Build.0 = Debug|Any CPU
		{03004C3B-177E-4BA9-A4A8-03973D38CEB6}.Release|Any CPU.ActiveCfg = Release|Any CPU
		{03004C3B-177E-4BA9-A4A8-03973D38CEB6}.Release|Any CPU.Build.0 = Release|Any CPU
		{7BF235EA-0A73-4463-9596-870DE6635877}.Debug|Any CPU.ActiveCfg = Debug|Any CPU
		{7BF235EA-0A73-4463-9596-870DE6635877}.Debug|Any CPU.Build.0 = Debug|Any CPU
		{7BF235EA-0A73-4463-9596-870DE6635877}.Release|Any CPU.ActiveCfg = Release|Any CPU
		{7BF235EA-0A73-4463-9596-870DE6635877}.Release|Any CPU.Build.0 = Release|Any CPU
		{11B2DF95-2BB4-49A1-8A6D-6B71C5D42679}.Debug|Any CPU.ActiveCfg = Debug|Any CPU
		{11B2DF95-2BB4-49A1-8A6D-6B71C5D42679}.Debug|Any CPU.Build.0 = Debug|Any CPU
		{11B2DF95-2BB4-49A1-8A6D-6B71C5D42679}.Release|Any CPU.ActiveCfg = Release|Any CPU
		{11B2DF95-2BB4-49A1-8A6D-6B71C5D42679}.Release|Any CPU.Build.0 = Release|Any CPU
		{2D7CB703-E2B2-4EBC-BD4B-9DBA05D9CD36}.Debug|Any CPU.ActiveCfg = Debug|Any CPU
		{2D7CB703-E2B2-4EBC-BD4B-9DBA05D9CD36}.Debug|Any CPU.Build.0 = Debug|Any CPU
		{2D7CB703-E2B2-4EBC-BD4B-9DBA05D9CD36}.Release|Any CPU.ActiveCfg = Release|Any CPU
		{2D7CB703-E2B2-4EBC-BD4B-9DBA05D9CD36}.Release|Any CPU.Build.0 = Release|Any CPU
	EndGlobalSection
	GlobalSection(NestedProjects) = preSolution
		{7BF235EA-0A73-4463-9596-870DE6635877} = {FCD2FD40-D2BA-4A9A-AF41-F8A5EE5A9D19}
		{11B2DF95-2BB4-49A1-8A6D-6B71C5D42679} = {FCD2FD40-D2BA-4A9A-AF41-F8A5EE5A9D19}
		{2D7CB703-E2B2-4EBC-BD4B-9DBA05D9CD36} = {FCD2FD40-D2BA-4A9A-AF41-F8A5EE5A9D19}
	EndGlobalSection
EndGlobal
