
Microsoft Visual Studio Solution File, Format Version 12.00
# Visual Studio 15
Project("{FAE04EC0-301F-11D3-BF4B-00C04F79EFBC}") = "Castle.DynamicProxy.Extensions", "Castle.DynamicProxy.Extensions\Castle.DynamicProxy.Extensions.csproj", "{03004C3B-177E-4BA9-A4A8-03973D38CEB6}"
EndProject
Project("{2150E333-8FDC-42A3-9474-1A3956D46DE8}") = "test", "test", "{FCD2FD40-D2BA-4A9A-AF41-F8A5EE5A9D19}"
EndProject
Project("{FAE04EC0-301F-11D3-BF4B-00C04F79EFBC}") = "TestCommon", "test\TestCommon\TestCommon.csproj", "{54112798-FB89-4C3C-BCE6-00B992970B72}"
EndProject
Project("{FAE04EC0-301F-11D3-BF4B-00C04F79EFBC}") = "Castle.DynamicProxy.Extensions.Test", "test\Castle.DynamicProxy.Extensions.Test\Castle.DynamicProxy.Extensions.Test.csproj", "{32C95FB5-4867-4786-8F63-C11EBFF38701}"
EndProject
Project("{FAE04EC0-301F-11D3-BF4B-00C04F79EFBC}") = "Web.Test", "test\Web.Test\Web.Test.csproj", "{967A188B-263F-4BE0-9AF4-25BAE6354D57}"
EndProject
Global
	GlobalSection(SolutionConfigurationPlatforms) = preSolution
		Debug|Any CPU = Debug|Any CPU
		Release|Any CPU = Release|Any CPU
	EndGlobalSection
	GlobalSection(ProjectConfigurationPlatforms) = postSolution
		{03004C3B-177E-4BA9-A4A8-03973D38CEB6}.Debug|Any CPU.ActiveCfg = Debug|Any CPU
		{03004C3B-177E-4BA9-A4A8-03973D38CEB6}.Debug|Any CPU.Build.0 = Debug|Any CPU
		{03004C3B-177E-4BA9-A4A8-03973D38CEB6}.Release|Any CPU.ActiveCfg = Release|Any CPU
		{03004C3B-177E-4BA9-A4A8-03973D38CEB6}.Release|Any CPU.Build.0 = Release|Any CPU
		{54112798-FB89-4C3C-BCE6-00B992970B72}.Debug|Any CPU.ActiveCfg = Debug|Any CPU
		{54112798-FB89-4C3C-BCE6-00B992970B72}.Debug|Any CPU.Build.0 = Debug|Any CPU
		{54112798-FB89-4C3C-BCE6-00B992970B72}.Release|Any CPU.ActiveCfg = Release|Any CPU
		{54112798-FB89-4C3C-BCE6-00B992970B72}.Release|Any CPU.Build.0 = Release|Any CPU
		{32C95FB5-4867-4786-8F63-C11EBFF38701}.Debug|Any CPU.ActiveCfg = Debug|Any CPU
		{32C95FB5-4867-4786-8F63-C11EBFF38701}.Debug|Any CPU.Build.0 = Debug|Any CPU
		{32C95FB5-4867-4786-8F63-C11EBFF38701}.Release|Any CPU.ActiveCfg = Release|Any CPU
		{32C95FB5-4867-4786-8F63-C11EBFF38701}.Release|Any CPU.Build.0 = Release|Any CPU
		{967A188B-263F-4BE0-9AF4-25BAE6354D57}.Debug|Any CPU.ActiveCfg = Debug|Any CPU
		{967A188B-263F-4BE0-9AF4-25BAE6354D57}.Debug|Any CPU.Build.0 = Debug|Any CPU
		{967A188B-263F-4BE0-9AF4-25BAE6354D57}.Release|Any CPU.ActiveCfg = Release|Any CPU
		{967A188B-263F-4BE0-9AF4-25BAE6354D57}.Release|Any CPU.Build.0 = Release|Any CPU
	EndGlobalSection
	GlobalSection(NestedProjects) = preSolution
		{54112798-FB89-4C3C-BCE6-00B992970B72} = {FCD2FD40-D2BA-4A9A-AF41-F8A5EE5A9D19}
		{32C95FB5-4867-4786-8F63-C11EBFF38701} = {FCD2FD40-D2BA-4A9A-AF41-F8A5EE5A9D19}
		{967A188B-263F-4BE0-9AF4-25BAE6354D57} = {FCD2FD40-D2BA-4A9A-AF41-F8A5EE5A9D19}
	EndGlobalSection
EndGlobal
